
Microsoft Visual Studio Solution File, Format Version 12.00
# Visual Studio Version 17
VisualStudioVersion = 17.8.34511.84
MinimumVisualStudioVersion = 10.0.40219.1
Project("{FAE04EC0-301F-11D3-BF4B-00C04F79EFBC}") = "RealEstate", "RealEstate\RealEstate.csproj", "{4FD74750-32FB-41D2-9790-90E02E9C7DF5}"
EndProject
Project("{FAE04EC0-301F-11D3-BF4B-00C04F79EFBC}") = "RealEstate_Dapper_UI", "RealEstate_Dapper_UI\RealEstate_Dapper_UI.csproj", "{FE7D5044-87CC-474F-9074-22748C91EED2}"
EndProject
Global
	GlobalSection(SolutionConfigurationPlatforms) = preSolution
		Debug|Any CPU = Debug|Any CPU
		Release|Any CPU = Release|Any CPU
	EndGlobalSection
	GlobalSection(ProjectConfigurationPlatforms) = postSolution
		{4FD74750-32FB-41D2-9790-90E02E9C7DF5}.Debug|Any CPU.ActiveCfg = Debug|Any CPU
		{4FD74750-32FB-41D2-9790-90E02E9C7DF5}.Debug|Any CPU.Build.0 = Debug|Any CPU
		{4FD74750-32FB-41D2-9790-90E02E9C7DF5}.Release|Any CPU.ActiveCfg = Release|Any CPU
		{4FD74750-32FB-41D2-9790-90E02E9C7DF5}.Release|Any CPU.Build.0 = Release|Any CPU
		{FE7D5044-87CC-474F-9074-22748C91EED2}.Debug|Any CPU.ActiveCfg = Debug|Any CPU
		{FE7D5044-87CC-474F-9074-22748C91EED2}.Debug|Any CPU.Build.0 = Debug|Any CPU
		{FE7D5044-87CC-474F-9074-22748C91EED2}.Release|Any CPU.ActiveCfg = Release|Any CPU
		{FE7D5044-87CC-474F-9074-22748C91EED2}.Release|Any CPU.Build.0 = Release|Any CPU
	EndGlobalSection
	GlobalSection(SolutionProperties) = preSolution
		HideSolutionNode = FALSE
	EndGlobalSection
	GlobalSection(ExtensibilityGlobals) = postSolution
		SolutionGuid = {EC0157B6-255A-4B3D-A1CE-6B54A14412DF}
	EndGlobalSection
EndGlobal
